
Microsoft Visual Studio Solution File, Format Version 12.00
# Visual Studio Version 17
VisualStudioVersion = 17.11.35222.181
MinimumVisualStudioVersion = 10.0.40219.1
Project("{FAE04EC0-301F-11D3-BF4B-00C04F79EFBC}") = "Boryaev_Dmitry_Igorevich_api_exam", "Boryaev_Dmitry_Igorevich_api_exam\Boryaev_Dmitry_Igorevich_api_exam.csproj", "{F2C84B7F-F9DB-44BF-8A8F-CB03468F4495}"
EndProject
Global
	GlobalSection(SolutionConfigurationPlatforms) = preSolution
		Debug|Any CPU = Debug|Any CPU
		Release|Any CPU = Release|Any CPU
	EndGlobalSection
	GlobalSection(ProjectConfigurationPlatforms) = postSolution
		{F2C84B7F-F9DB-44BF-8A8F-CB03468F4495}.Debug|Any CPU.ActiveCfg = Debug|Any CPU
		{F2C84B7F-F9DB-44BF-8A8F-CB03468F4495}.Debug|Any CPU.Build.0 = Debug|Any CPU
		{F2C84B7F-F9DB-44BF-8A8F-CB03468F4495}.Release|Any CPU.ActiveCfg = Release|Any CPU
		{F2C84B7F-F9DB-44BF-8A8F-CB03468F4495}.Release|Any CPU.Build.0 = Release|Any CPU
	EndGlobalSection
	GlobalSection(SolutionProperties) = preSolution
		HideSolutionNode = FALSE
	EndGlobalSection
	GlobalSection(ExtensibilityGlobals) = postSolution
		SolutionGuid = {C292A72C-8BD1-4BEB-9225-A6E0C751163F}
	EndGlobalSection
EndGlobal
